{
  "name": "simula-web",
  "lockfileVersion": 2,
  "requires": true,
  "packages": {
    "": {
      "dependencies": {
        "transform-coordinates": "^1.0.0"
      }
    },
    "node_modules/epsg-index": {
      "version": "1.1.0",
      "resolved": "https://registry.npmjs.org/epsg-index/-/epsg-index-1.1.0.tgz",
      "integrity": "sha512-a74wQNUJdD5MnbTLU7cjRdtxeSL9tEU1ZLztxFtZlHNcIDOqPcNFYp1N7vCe79oBSVK94CYi0LlVTbSTzclkDA==",
      "engines": {
        "node": ">=8"
      }
    },
    "node_modules/mgrs": {
      "version": "1.0.0",
      "resolved": "https://registry.npmjs.org/mgrs/-/mgrs-1.0.0.tgz",
      "integrity": "sha1-+5FYjnjJACVnI5XLQLJffNatGCk="
    },
    "node_modules/proj4": {
      "version": "2.7.4",
      "resolved": "https://registry.npmjs.org/proj4/-/proj4-2.7.4.tgz",
      "integrity": "sha512-WAY3Rk/PeFrR/Pf2gryrEPFgfo83C4U1ixS8bBr05fJ88z+QsTDR0tzg6k3Q7TBrJUhwB03NMPVT3aVkv9mZ6Q==",
      "dependencies": {
        "mgrs": "1.0.0",
        "wkt-parser": "^1.3.1"
      }
    },
    "node_modules/transform-coordinates": {
      "version": "1.0.0",
      "resolved": "https://registry.npmjs.org/transform-coordinates/-/transform-coordinates-1.0.0.tgz",
      "integrity": "sha512-6kZMpg+TBThUO7lbt9lWbM/DiRED+lczpjjRN3R7CB0xTEfVYqx3X9pBZx0gpihdmiUZNghArYKBiZNG4XDFYA==",
      "dependencies": {
        "epsg-index": "^1.0.0",
        "proj4": "^2.4.4"
      },
      "engines": {
        "node": ">=12"
      }
    },
    "node_modules/wkt-parser": {
      "version": "1.3.1",
      "resolved": "https://registry.npmjs.org/wkt-parser/-/wkt-parser-1.3.1.tgz",
      "integrity": "sha512-XK5qV+Y5gsygQfHx2/cS5a7Zxsgleaw8iX5UPC5eOXPc0TgJAu1JB9lr0iYYX3zAnN3p0aNiaN5c+1Bdblxwrg=="
    }
  },
  "dependencies": {
    "epsg-index": {
      "version": "1.1.0",
      "resolved": "https://registry.npmjs.org/epsg-index/-/epsg-index-1.1.0.tgz",
      "integrity": "sha512-a74wQNUJdD5MnbTLU7cjRdtxeSL9tEU1ZLztxFtZlHNcIDOqPcNFYp1N7vCe79oBSVK94CYi0LlVTbSTzclkDA=="
    },
    "mgrs": {
      "version": "1.0.0",
      "resolved": "https://registry.npmjs.org/mgrs/-/mgrs-1.0.0.tgz",
      "integrity": "sha1-+5FYjnjJACVnI5XLQLJffNatGCk="
    },
    "proj4": {
      "version": "2.7.4",
      "resolved": "https://registry.npmjs.org/proj4/-/proj4-2.7.4.tgz",
      "integrity": "sha512-WAY3Rk/PeFrR/Pf2gryrEPFgfo83C4U1ixS8bBr05fJ88z+QsTDR0tzg6k3Q7TBrJUhwB03NMPVT3aVkv9mZ6Q==",
      "requires": {
        "mgrs": "1.0.0",
        "wkt-parser": "^1.3.1"
      }
    },
    "transform-coordinates": {
      "version": "1.0.0",
      "resolved": "https://registry.npmjs.org/transform-coordinates/-/transform-coordinates-1.0.0.tgz",
      "integrity": "sha512-6kZMpg+TBThUO7lbt9lWbM/DiRED+lczpjjRN3R7CB0xTEfVYqx3X9pBZx0gpihdmiUZNghArYKBiZNG4XDFYA==",
      "requires": {
        "epsg-index": "^1.0.0",
        "proj4": "^2.4.4"
      }
    },
    "wkt-parser": {
      "version": "1.3.1",
      "resolved": "https://registry.npmjs.org/wkt-parser/-/wkt-parser-1.3.1.tgz",
      "integrity": "sha512-XK5qV+Y5gsygQfHx2/cS5a7Zxsgleaw8iX5UPC5eOXPc0TgJAu1JB9lr0iYYX3zAnN3p0aNiaN5c+1Bdblxwrg=="
    }
  }
}
